
Microsoft Visual Studio Solution File, Format Version 12.00
# Visual Studio Version 16
VisualStudioVersion = 16.0.30907.101
MinimumVisualStudioVersion = 10.0.40219.1
Project("{9A19103F-16F7-4668-BE54-9A1E7A4F7556}") = "Kampintro", "Kampintro\Kampintro.csproj", "{11E8DA4D-9AC2-42F1-B824-A376F5AC29A2}"
EndProject
Project("{9A19103F-16F7-4668-BE54-9A1E7A4F7556}") = "Donguler", "Donguler\Donguler.csproj", "{9DC45863-C5B3-43D6-B2E7-9CA74A10784B}"
EndProject
Project("{9A19103F-16F7-4668-BE54-9A1E7A4F7556}") = "Classintro", "Classintro\Classintro.csproj", "{CF51464B-FE49-44EA-BE71-1047CD6A8206}"
EndProject
Project("{9A19103F-16F7-4668-BE54-9A1E7A4F7556}") = "switch", "switch\switch.csproj", "{958490A6-D53B-49F6-8ADC-14A628317B71}"
EndProject
Project("{9A19103F-16F7-4668-BE54-9A1E7A4F7556}") = "while", "while\while.csproj", "{A804AC68-8CF1-4BF4-9C46-0E87AFF4CAEB}"
EndProject
Project("{9A19103F-16F7-4668-BE54-9A1E7A4F7556}") = "classOdev", "classOdev\classOdev.csproj", "{33026106-5592-467D-85E4-B3C76D9F3067}"
EndProject
Project("{9A19103F-16F7-4668-BE54-9A1E7A4F7556}") = "myMethod", "myMethod\myMethod.csproj", "{FC8C3A08-5FB3-48E4-8B0D-4173C0263FCB}"
EndProject
Project("{FAE04EC0-301F-11D3-BF4B-00C04F79EFBC}") = "Metotlar", "Metotlar\Metotlar.csproj", "{BFCF03CC-7F6C-4093-85F6-76C4A689CAD1}"
EndProject
Project("{FAE04EC0-301F-11D3-BF4B-00C04F79EFBC}") = "Matematik", "Matematik\Matematik.csproj", "{30D0429F-0FA3-4F36-9F63-D3D21BAB2807}"
EndProject
Project("{FAE04EC0-301F-11D3-BF4B-00C04F79EFBC}") = "DegerVeReferansTipler", "DegerVeReferansTipler\DegerVeReferansTipler.csproj", "{D16EB3D8-341D-45B8-AE67-2557B0DFEED5}"
EndProject
Global
	GlobalSection(SolutionConfigurationPlatforms) = preSolution
		Debug|Any CPU = Debug|Any CPU
		Release|Any CPU = Release|Any CPU
	EndGlobalSection
	GlobalSection(ProjectConfigurationPlatforms) = postSolution
		{11E8DA4D-9AC2-42F1-B824-A376F5AC29A2}.Debug|Any CPU.ActiveCfg = Debug|Any CPU
		{11E8DA4D-9AC2-42F1-B824-A376F5AC29A2}.Debug|Any CPU.Build.0 = Debug|Any CPU
		{11E8DA4D-9AC2-42F1-B824-A376F5AC29A2}.Release|Any CPU.ActiveCfg = Release|Any CPU
		{11E8DA4D-9AC2-42F1-B824-A376F5AC29A2}.Release|Any CPU.Build.0 = Release|Any CPU
		{9DC45863-C5B3-43D6-B2E7-9CA74A10784B}.Debug|Any CPU.ActiveCfg = Debug|Any CPU
		{9DC45863-C5B3-43D6-B2E7-9CA74A10784B}.Debug|Any CPU.Build.0 = Debug|Any CPU
		{9DC45863-C5B3-43D6-B2E7-9CA74A10784B}.Release|Any CPU.ActiveCfg = Release|Any CPU
		{9DC45863-C5B3-43D6-B2E7-9CA74A10784B}.Release|Any CPU.Build.0 = Release|Any CPU
		{CF51464B-FE49-44EA-BE71-1047CD6A8206}.Debug|Any CPU.ActiveCfg = Debug|Any CPU
		{CF51464B-FE49-44EA-BE71-1047CD6A8206}.Debug|Any CPU.Build.0 = Debug|Any CPU
		{CF51464B-FE49-44EA-BE71-1047CD6A8206}.Release|Any CPU.ActiveCfg = Release|Any CPU
		{CF51464B-FE49-44EA-BE71-1047CD6A8206}.Release|Any CPU.Build.0 = Release|Any CPU
		{958490A6-D53B-49F6-8ADC-14A628317B71}.Debug|Any CPU.ActiveCfg = Debug|Any CPU
		{958490A6-D53B-49F6-8ADC-14A628317B71}.Debug|Any CPU.Build.0 = Debug|Any CPU
		{958490A6-D53B-49F6-8ADC-14A628317B71}.Release|Any CPU.ActiveCfg = Release|Any CPU
		{958490A6-D53B-49F6-8ADC-14A628317B71}.Release|Any CPU.Build.0 = Release|Any CPU
		{A804AC68-8CF1-4BF4-9C46-0E87AFF4CAEB}.Debug|Any CPU.ActiveCfg = Debug|Any CPU
		{A804AC68-8CF1-4BF4-9C46-0E87AFF4CAEB}.Debug|Any CPU.Build.0 = Debug|Any CPU
		{A804AC68-8CF1-4BF4-9C46-0E87AFF4CAEB}.Release|Any CPU.ActiveCfg = Release|Any CPU
		{A804AC68-8CF1-4BF4-9C46-0E87AFF4CAEB}.Release|Any CPU.Build.0 = Release|Any CPU
		{33026106-5592-467D-85E4-B3C76D9F3067}.Debug|Any CPU.ActiveCfg = Debug|Any CPU
		{33026106-5592-467D-85E4-B3C76D9F3067}.Debug|Any CPU.Build.0 = Debug|Any CPU
		{33026106-5592-467D-85E4-B3C76D9F3067}.Release|Any CPU.ActiveCfg = Release|Any CPU
		{33026106-5592-467D-85E4-B3C76D9F3067}.Release|Any CPU.Build.0 = Release|Any CPU
		{FC8C3A08-5FB3-48E4-8B0D-4173C0263FCB}.Debug|Any CPU.ActiveCfg = Debug|Any CPU
		{FC8C3A08-5FB3-48E4-8B0D-4173C0263FCB}.Debug|Any CPU.Build.0 = Debug|Any CPU
		{FC8C3A08-5FB3-48E4-8B0D-4173C0263FCB}.Release|Any CPU.ActiveCfg = Release|Any CPU
		{FC8C3A08-5FB3-48E4-8B0D-4173C0263FCB}.Release|Any CPU.Build.0 = Release|Any CPU
		{BFCF03CC-7F6C-4093-85F6-76C4A689CAD1}.Debug|Any CPU.ActiveCfg = Debug|Any CPU
		{BFCF03CC-7F6C-4093-85F6-76C4A689CAD1}.Debug|Any CPU.Build.0 = Debug|Any CPU
		{BFCF03CC-7F6C-4093-85F6-76C4A689CAD1}.Release|Any CPU.ActiveCfg = Release|Any CPU
		{BFCF03CC-7F6C-4093-85F6-76C4A689CAD1}.Release|Any CPU.Build.0 = Release|Any CPU
		{30D0429F-0FA3-4F36-9F63-D3D21BAB2807}.Debug|Any CPU.ActiveCfg = Debug|Any CPU
		{30D0429F-0FA3-4F36-9F63-D3D21BAB2807}.Debug|Any CPU.Build.0 = Debug|Any CPU
		{30D0429F-0FA3-4F36-9F63-D3D21BAB2807}.Release|Any CPU.ActiveCfg = Release|Any CPU
		{30D0429F-0FA3-4F36-9F63-D3D21BAB2807}.Release|Any CPU.Build.0 = Release|Any CPU
		{D16EB3D8-341D-45B8-AE67-2557B0DFEED5}.Debug|Any CPU.ActiveCfg = Debug|Any CPU
		{D16EB3D8-341D-45B8-AE67-2557B0DFEED5}.Debug|Any CPU.Build.0 = Debug|Any CPU
		{D16EB3D8-341D-45B8-AE67-2557B0DFEED5}.Release|Any CPU.ActiveCfg = Release|Any CPU
		{D16EB3D8-341D-45B8-AE67-2557B0DFEED5}.Release|Any CPU.Build.0 = Release|Any CPU
	EndGlobalSection
	GlobalSection(SolutionProperties) = preSolution
		HideSolutionNode = FALSE
	EndGlobalSection
	GlobalSection(ExtensibilityGlobals) = postSolution
		SolutionGuid = {3CD83ADF-85D4-4022-8428-D2BEF3FAE78A}
	EndGlobalSection
EndGlobal
