
Microsoft Visual Studio Solution File, Format Version 12.00
# Visual Studio Version 16
VisualStudioVersion = 16.0.30907.101
MinimumVisualStudioVersion = 10.0.40219.1
Project("{9A19103F-16F7-4668-BE54-9A1E7A4F7556}") = "Kampintro", "Kampintro\Kampintro.csproj", "{11E8DA4D-9AC2-42F1-B824-A376F5AC29A2}"
EndProject
Project("{9A19103F-16F7-4668-BE54-9A1E7A4F7556}") = "Donguler", "Donguler\Donguler.csproj", "{9DC45863-C5B3-43D6-B2E7-9CA74A10784B}"
EndProject
Project("{9A19103F-16F7-4668-BE54-9A1E7A4F7556}") = "Classintro", "Classintro\Classintro.csproj", "{CF51464B-FE49-44EA-BE71-1047CD6A8206}"
EndProject
Project("{9A19103F-16F7-4668-BE54-9A1E7A4F7556}") = "classOdev", "classOdev\classOdev.csproj", "{33026106-5592-467D-85E4-B3C76D9F3067}"
EndProject
Project("{9A19103F-16F7-4668-BE54-9A1E7A4F7556}") = "myMethod", "myMethod\myMethod.csproj", "{FC8C3A08-5FB3-48E4-8B0D-4173C0263FCB}"
EndProject
Project("{9A19103F-16F7-4668-BE54-9A1E7A4F7556}") = "Metotlar", "Metotlar\Metotlar.csproj", "{BFCF03CC-7F6C-4093-85F6-76C4A689CAD1}"
EndProject
Project("{9A19103F-16F7-4668-BE54-9A1E7A4F7556}") = "Methods", "Methods\Methods.csproj", "{FEE6D74D-DC5F-4888-8C5F-D3635A0323E9}"
EndProject
Project("{9A19103F-16F7-4668-BE54-9A1E7A4F7556}") = "OOP1", "OOP1\OOP1.csproj", "{2BA727BD-DA1A-4F1E-8E6E-6A4AE8EBF608}"
EndProject
Project("{9A19103F-16F7-4668-BE54-9A1E7A4F7556}") = "Koleksiyonlar", "Koleksiyonlar\Koleksiyonlar.csproj", "{50764C66-3164-4C3A-A066-CE42D75736F3}"
EndProject
Project("{9A19103F-16F7-4668-BE54-9A1E7A4F7556}") = "GenericsIntro", "GenericsIntro\GenericsIntro.csproj", "{0C4F5922-9113-4330-BB04-E182F882342D}"
EndProject
Project("{9A19103F-16F7-4668-BE54-9A1E7A4F7556}") = "DegerVeReferansTiplerIntro", "DegerVeReferansTiplerIntro\DegerVeReferansTiplerIntro.csproj", "{BFF28797-1434-43FF-9B9A-4E62B20EC0E0}"
EndProject
Project("{9A19103F-16F7-4668-BE54-9A1E7A4F7556}") = "SwitchCase", "SwitchCase\SwitchCase.csproj", "{24601ECB-F36E-4630-9311-3CFC971822A6}"
EndProject
Project("{9A19103F-16F7-4668-BE54-9A1E7A4F7556}") = "WhileIntro", "WhileIntro\WhileIntro.csproj", "{2C118DEF-99BA-49AA-98D1-8327BF4326B5}"
EndProject
Project("{9A19103F-16F7-4668-BE54-9A1E7A4F7556}") = "Oop2", "Oop2\Oop2.csproj", "{2649D6BA-356E-4463-A669-43A7204FB4BA}"
EndProject
Project("{9A19103F-16F7-4668-BE54-9A1E7A4F7556}") = "OOP3", "OOP3\OOP3.csproj", "{DF89BF3B-E020-41B7-99FB-9387DDCFC807}"
EndProject
Project("{9A19103F-16F7-4668-BE54-9A1E7A4F7556}") = "WorkSheets", "WorkSheets\WorkSheets.csproj", "{0819385C-85B0-464A-886C-EF4E43381511}"
EndProject
Project("{9A19103F-16F7-4668-BE54-9A1E7A4F7556}") = "Constructor", "Constructor\Constructor.csproj", "{814F0535-B858-4422-89C7-8AC9AFBECB9F}"
EndProject
Project("{9A19103F-16F7-4668-BE54-9A1E7A4F7556}") = "Generics", "Generics\Generics.csproj", "{6DC7EA08-D35E-4E5C-96A8-3406061FAEDB}"
EndProject
Project("{9A19103F-16F7-4668-BE54-9A1E7A4F7556}") = "WorkSheetsForGenerics", "WorkSheetsForGenerics\WorkSheetsForGenerics.csproj", "{A45C6CA0-2052-4167-8C9D-58EF1A17FAA7}"
EndProject
Project("{9A19103F-16F7-4668-BE54-9A1E7A4F7556}") = "Dictionary", "Dictionary\Dictionary.csproj", "{A55D614C-C1DF-4EA3-BF66-7543AD158E25}"
EndProject
Project("{9A19103F-16F7-4668-BE54-9A1E7A4F7556}") = "MaDictionary", "MaDictionary\MaDictionary.csproj", "{DB5EB061-AA1F-4712-A3CC-58D8F931E045}"
EndProject
Project("{9A19103F-16F7-4668-BE54-9A1E7A4F7556}") = "Encapsulation", "Encapculation\Encapsulation.csproj", "{EBEB2EC4-B93B-40FF-A997-62E410843FE9}"
EndProject
Project("{9A19103F-16F7-4668-BE54-9A1E7A4F7556}") = "sheets", "sheets\sheets.csproj", "{16BD0773-072B-48F3-BF15-FF1152C4D2D9}"
EndProject
Project("{9A19103F-16F7-4668-BE54-9A1E7A4F7556}") = "MethodSheets", "MethodSheets\MethodSheets.csproj", "{74CD17AE-2510-426F-94D7-CFF057A04828}"
EndProject
Project("{9A19103F-16F7-4668-BE54-9A1E7A4F7556}") = "ArraySheets", "ArraySheets\ArraySheets.csproj", "{095251A9-897E-406E-9C3A-0474AE71EE73}"
EndProject
Project("{9A19103F-16F7-4668-BE54-9A1E7A4F7556}") = "ForSheets", "ForSheets\ForSheets.csproj", "{1811BE1B-5484-43B9-96DF-519C388174F6}"
EndProject
Project("{9A19103F-16F7-4668-BE54-9A1E7A4F7556}") = "PrimeNumber", "PrimeNumber\PrimeNumber.csproj", "{C1D44353-2AB5-4A53-94CF-8A6816F90F99}"
EndProject
Project("{9A19103F-16F7-4668-BE54-9A1E7A4F7556}") = "StringMethods", "StringMethods\StringMethods.csproj", "{317D58ED-3791-4EC7-AE1D-79D37CBB3297}"
EndProject
Project("{9A19103F-16F7-4668-BE54-9A1E7A4F7556}") = "ClassesSheets", "ClassesSheets\ClassesSheets.csproj", "{6EF6A14F-F9FC-4E2B-A40E-A23EE8739F53}"
EndProject
Project("{FAE04EC0-301F-11D3-BF4B-00C04F79EFBC}") = "RecapDemo1", "RecapDemo1\RecapDemo1.csproj", "{89B9E81C-BC33-48C8-B9EA-6034097A035D}"
EndProject
Project("{FAE04EC0-301F-11D3-BF4B-00C04F79EFBC}") = "InterfacesSheets2", "InterfacesSheets2\InterfacesSheets2.csproj", "{DCB359E6-BDEA-49C7-9846-06894E751A6D}"
EndProject
Project("{FAE04EC0-301F-11D3-BF4B-00C04F79EFBC}") = "InterfacesDemo", "InterfacesDemo\InterfacesDemo.csproj", "{3EC4F7C2-88D7-4549-BFB4-25D31E95C4A5}"
EndProject
Project("{FAE04EC0-301F-11D3-BF4B-00C04F79EFBC}") = "Inheritance", "Inheritance\Inheritance.csproj", "{919C1CEA-888B-41F0-B557-D430F779E4C0}"
EndProject
Project("{9A19103F-16F7-4668-BE54-9A1E7A4F7556}") = "ReferenceTypes", "ReferenceTypes\ReferenceTypes.csproj", "{607462F2-98B1-4314-8DFC-D1EE099A5656}"
EndProject
Project("{9A19103F-16F7-4668-BE54-9A1E7A4F7556}") = "workin", "workin\workin.csproj", "{5ADDBE9F-3A99-4F51-AF6C-E3E13B2E6B23}"
EndProject
Project("{FAE04EC0-301F-11D3-BF4B-00C04F79EFBC}") = "workin2", "workin2\workin2.csproj", "{F03F6136-68B3-47AD-B414-0A23E795F1AC}"
EndProject
Project("{FAE04EC0-301F-11D3-BF4B-00C04F79EFBC}") = "WindowsFormsApp1", "WindowsFormsApp1\WindowsFormsApp1.csproj", "{0D111C14-4EF4-4B94-A8E5-6C53C849065F}"
EndProject
Global
	GlobalSection(SolutionConfigurationPlatforms) = preSolution
		Debug|Any CPU = Debug|Any CPU
		Release|Any CPU = Release|Any CPU
	EndGlobalSection
	GlobalSection(ProjectConfigurationPlatforms) = postSolution
		{11E8DA4D-9AC2-42F1-B824-A376F5AC29A2}.Debug|Any CPU.ActiveCfg = Debug|Any CPU
		{11E8DA4D-9AC2-42F1-B824-A376F5AC29A2}.Debug|Any CPU.Build.0 = Debug|Any CPU
		{11E8DA4D-9AC2-42F1-B824-A376F5AC29A2}.Release|Any CPU.ActiveCfg = Release|Any CPU
		{11E8DA4D-9AC2-42F1-B824-A376F5AC29A2}.Release|Any CPU.Build.0 = Release|Any CPU
		{9DC45863-C5B3-43D6-B2E7-9CA74A10784B}.Debug|Any CPU.ActiveCfg = Debug|Any CPU
		{9DC45863-C5B3-43D6-B2E7-9CA74A10784B}.Debug|Any CPU.Build.0 = Debug|Any CPU
		{9DC45863-C5B3-43D6-B2E7-9CA74A10784B}.Release|Any CPU.ActiveCfg = Release|Any CPU
		{9DC45863-C5B3-43D6-B2E7-9CA74A10784B}.Release|Any CPU.Build.0 = Release|Any CPU
		{CF51464B-FE49-44EA-BE71-1047CD6A8206}.Debug|Any CPU.ActiveCfg = Debug|Any CPU
		{CF51464B-FE49-44EA-BE71-1047CD6A8206}.Debug|Any CPU.Build.0 = Debug|Any CPU
		{CF51464B-FE49-44EA-BE71-1047CD6A8206}.Release|Any CPU.ActiveCfg = Release|Any CPU
		{CF51464B-FE49-44EA-BE71-1047CD6A8206}.Release|Any CPU.Build.0 = Release|Any CPU
		{33026106-5592-467D-85E4-B3C76D9F3067}.Debug|Any CPU.ActiveCfg = Debug|Any CPU
		{33026106-5592-467D-85E4-B3C76D9F3067}.Debug|Any CPU.Build.0 = Debug|Any CPU
		{33026106-5592-467D-85E4-B3C76D9F3067}.Release|Any CPU.ActiveCfg = Release|Any CPU
		{33026106-5592-467D-85E4-B3C76D9F3067}.Release|Any CPU.Build.0 = Release|Any CPU
		{FC8C3A08-5FB3-48E4-8B0D-4173C0263FCB}.Debug|Any CPU.ActiveCfg = Debug|Any CPU
		{FC8C3A08-5FB3-48E4-8B0D-4173C0263FCB}.Debug|Any CPU.Build.0 = Debug|Any CPU
		{FC8C3A08-5FB3-48E4-8B0D-4173C0263FCB}.Release|Any CPU.ActiveCfg = Release|Any CPU
		{FC8C3A08-5FB3-48E4-8B0D-4173C0263FCB}.Release|Any CPU.Build.0 = Release|Any CPU
		{BFCF03CC-7F6C-4093-85F6-76C4A689CAD1}.Debug|Any CPU.ActiveCfg = Debug|Any CPU
		{BFCF03CC-7F6C-4093-85F6-76C4A689CAD1}.Debug|Any CPU.Build.0 = Debug|Any CPU
		{BFCF03CC-7F6C-4093-85F6-76C4A689CAD1}.Release|Any CPU.ActiveCfg = Release|Any CPU
		{BFCF03CC-7F6C-4093-85F6-76C4A689CAD1}.Release|Any CPU.Build.0 = Release|Any CPU
		{FEE6D74D-DC5F-4888-8C5F-D3635A0323E9}.Debug|Any CPU.ActiveCfg = Debug|Any CPU
		{FEE6D74D-DC5F-4888-8C5F-D3635A0323E9}.Debug|Any CPU.Build.0 = Debug|Any CPU
		{FEE6D74D-DC5F-4888-8C5F-D3635A0323E9}.Release|Any CPU.ActiveCfg = Release|Any CPU
		{FEE6D74D-DC5F-4888-8C5F-D3635A0323E9}.Release|Any CPU.Build.0 = Release|Any CPU
		{2BA727BD-DA1A-4F1E-8E6E-6A4AE8EBF608}.Debug|Any CPU.ActiveCfg = Debug|Any CPU
		{2BA727BD-DA1A-4F1E-8E6E-6A4AE8EBF608}.Debug|Any CPU.Build.0 = Debug|Any CPU
		{2BA727BD-DA1A-4F1E-8E6E-6A4AE8EBF608}.Release|Any CPU.ActiveCfg = Release|Any CPU
		{2BA727BD-DA1A-4F1E-8E6E-6A4AE8EBF608}.Release|Any CPU.Build.0 = Release|Any CPU
		{50764C66-3164-4C3A-A066-CE42D75736F3}.Debug|Any CPU.ActiveCfg = Debug|Any CPU
		{50764C66-3164-4C3A-A066-CE42D75736F3}.Debug|Any CPU.Build.0 = Debug|Any CPU
		{50764C66-3164-4C3A-A066-CE42D75736F3}.Release|Any CPU.ActiveCfg = Release|Any CPU
		{50764C66-3164-4C3A-A066-CE42D75736F3}.Release|Any CPU.Build.0 = Release|Any CPU
		{0C4F5922-9113-4330-BB04-E182F882342D}.Debug|Any CPU.ActiveCfg = Debug|Any CPU
		{0C4F5922-9113-4330-BB04-E182F882342D}.Debug|Any CPU.Build.0 = Debug|Any CPU
		{0C4F5922-9113-4330-BB04-E182F882342D}.Release|Any CPU.ActiveCfg = Release|Any CPU
		{0C4F5922-9113-4330-BB04-E182F882342D}.Release|Any CPU.Build.0 = Release|Any CPU
		{BFF28797-1434-43FF-9B9A-4E62B20EC0E0}.Debug|Any CPU.ActiveCfg = Debug|Any CPU
		{BFF28797-1434-43FF-9B9A-4E62B20EC0E0}.Debug|Any CPU.Build.0 = Debug|Any CPU
		{BFF28797-1434-43FF-9B9A-4E62B20EC0E0}.Release|Any CPU.ActiveCfg = Release|Any CPU
		{BFF28797-1434-43FF-9B9A-4E62B20EC0E0}.Release|Any CPU.Build.0 = Release|Any CPU
		{24601ECB-F36E-4630-9311-3CFC971822A6}.Debug|Any CPU.ActiveCfg = Debug|Any CPU
		{24601ECB-F36E-4630-9311-3CFC971822A6}.Debug|Any CPU.Build.0 = Debug|Any CPU
		{24601ECB-F36E-4630-9311-3CFC971822A6}.Release|Any CPU.ActiveCfg = Release|Any CPU
		{24601ECB-F36E-4630-9311-3CFC971822A6}.Release|Any CPU.Build.0 = Release|Any CPU
		{2C118DEF-99BA-49AA-98D1-8327BF4326B5}.Debug|Any CPU.ActiveCfg = Debug|Any CPU
		{2C118DEF-99BA-49AA-98D1-8327BF4326B5}.Debug|Any CPU.Build.0 = Debug|Any CPU
		{2C118DEF-99BA-49AA-98D1-8327BF4326B5}.Release|Any CPU.ActiveCfg = Release|Any CPU
		{2C118DEF-99BA-49AA-98D1-8327BF4326B5}.Release|Any CPU.Build.0 = Release|Any CPU
		{2649D6BA-356E-4463-A669-43A7204FB4BA}.Debug|Any CPU.ActiveCfg = Debug|Any CPU
		{2649D6BA-356E-4463-A669-43A7204FB4BA}.Debug|Any CPU.Build.0 = Debug|Any CPU
		{2649D6BA-356E-4463-A669-43A7204FB4BA}.Release|Any CPU.ActiveCfg = Release|Any CPU
		{2649D6BA-356E-4463-A669-43A7204FB4BA}.Release|Any CPU.Build.0 = Release|Any CPU
		{DF89BF3B-E020-41B7-99FB-9387DDCFC807}.Debug|Any CPU.ActiveCfg = Debug|Any CPU
		{DF89BF3B-E020-41B7-99FB-9387DDCFC807}.Debug|Any CPU.Build.0 = Debug|Any CPU
		{DF89BF3B-E020-41B7-99FB-9387DDCFC807}.Release|Any CPU.ActiveCfg = Release|Any CPU
		{DF89BF3B-E020-41B7-99FB-9387DDCFC807}.Release|Any CPU.Build.0 = Release|Any CPU
		{0819385C-85B0-464A-886C-EF4E43381511}.Debug|Any CPU.ActiveCfg = Debug|Any CPU
		{0819385C-85B0-464A-886C-EF4E43381511}.Debug|Any CPU.Build.0 = Debug|Any CPU
		{0819385C-85B0-464A-886C-EF4E43381511}.Release|Any CPU.ActiveCfg = Release|Any CPU
		{0819385C-85B0-464A-886C-EF4E43381511}.Release|Any CPU.Build.0 = Release|Any CPU
		{814F0535-B858-4422-89C7-8AC9AFBECB9F}.Debug|Any CPU.ActiveCfg = Debug|Any CPU
		{814F0535-B858-4422-89C7-8AC9AFBECB9F}.Debug|Any CPU.Build.0 = Debug|Any CPU
		{814F0535-B858-4422-89C7-8AC9AFBECB9F}.Release|Any CPU.ActiveCfg = Release|Any CPU
		{814F0535-B858-4422-89C7-8AC9AFBECB9F}.Release|Any CPU.Build.0 = Release|Any CPU
		{6DC7EA08-D35E-4E5C-96A8-3406061FAEDB}.Debug|Any CPU.ActiveCfg = Debug|Any CPU
		{6DC7EA08-D35E-4E5C-96A8-3406061FAEDB}.Debug|Any CPU.Build.0 = Debug|Any CPU
		{6DC7EA08-D35E-4E5C-96A8-3406061FAEDB}.Release|Any CPU.ActiveCfg = Release|Any CPU
		{6DC7EA08-D35E-4E5C-96A8-3406061FAEDB}.Release|Any CPU.Build.0 = Release|Any CPU
		{A45C6CA0-2052-4167-8C9D-58EF1A17FAA7}.Debug|Any CPU.ActiveCfg = Debug|Any CPU
		{A45C6CA0-2052-4167-8C9D-58EF1A17FAA7}.Debug|Any CPU.Build.0 = Debug|Any CPU
		{A45C6CA0-2052-4167-8C9D-58EF1A17FAA7}.Release|Any CPU.ActiveCfg = Release|Any CPU
		{A45C6CA0-2052-4167-8C9D-58EF1A17FAA7}.Release|Any CPU.Build.0 = Release|Any CPU
		{A55D614C-C1DF-4EA3-BF66-7543AD158E25}.Debug|Any CPU.ActiveCfg = Debug|Any CPU
		{A55D614C-C1DF-4EA3-BF66-7543AD158E25}.Debug|Any CPU.Build.0 = Debug|Any CPU
		{A55D614C-C1DF-4EA3-BF66-7543AD158E25}.Release|Any CPU.ActiveCfg = Release|Any CPU
		{A55D614C-C1DF-4EA3-BF66-7543AD158E25}.Release|Any CPU.Build.0 = Release|Any CPU
		{DB5EB061-AA1F-4712-A3CC-58D8F931E045}.Debug|Any CPU.ActiveCfg = Debug|Any CPU
		{DB5EB061-AA1F-4712-A3CC-58D8F931E045}.Debug|Any CPU.Build.0 = Debug|Any CPU
		{DB5EB061-AA1F-4712-A3CC-58D8F931E045}.Release|Any CPU.ActiveCfg = Release|Any CPU
		{DB5EB061-AA1F-4712-A3CC-58D8F931E045}.Release|Any CPU.Build.0 = Release|Any CPU
		{EBEB2EC4-B93B-40FF-A997-62E410843FE9}.Debug|Any CPU.ActiveCfg = Debug|Any CPU
		{EBEB2EC4-B93B-40FF-A997-62E410843FE9}.Debug|Any CPU.Build.0 = Debug|Any CPU
		{EBEB2EC4-B93B-40FF-A997-62E410843FE9}.Release|Any CPU.ActiveCfg = Release|Any CPU
		{EBEB2EC4-B93B-40FF-A997-62E410843FE9}.Release|Any CPU.Build.0 = Release|Any CPU
		{16BD0773-072B-48F3-BF15-FF1152C4D2D9}.Debug|Any CPU.ActiveCfg = Debug|Any CPU
		{16BD0773-072B-48F3-BF15-FF1152C4D2D9}.Debug|Any CPU.Build.0 = Debug|Any CPU
		{16BD0773-072B-48F3-BF15-FF1152C4D2D9}.Release|Any CPU.ActiveCfg = Release|Any CPU
		{16BD0773-072B-48F3-BF15-FF1152C4D2D9}.Release|Any CPU.Build.0 = Release|Any CPU
		{74CD17AE-2510-426F-94D7-CFF057A04828}.Debug|Any CPU.ActiveCfg = Debug|Any CPU
		{74CD17AE-2510-426F-94D7-CFF057A04828}.Debug|Any CPU.Build.0 = Debug|Any CPU
		{74CD17AE-2510-426F-94D7-CFF057A04828}.Release|Any CPU.ActiveCfg = Release|Any CPU
		{74CD17AE-2510-426F-94D7-CFF057A04828}.Release|Any CPU.Build.0 = Release|Any CPU
		{095251A9-897E-406E-9C3A-0474AE71EE73}.Debug|Any CPU.ActiveCfg = Debug|Any CPU
		{095251A9-897E-406E-9C3A-0474AE71EE73}.Debug|Any CPU.Build.0 = Debug|Any CPU
		{095251A9-897E-406E-9C3A-0474AE71EE73}.Release|Any CPU.ActiveCfg = Release|Any CPU
		{095251A9-897E-406E-9C3A-0474AE71EE73}.Release|Any CPU.Build.0 = Release|Any CPU
		{1811BE1B-5484-43B9-96DF-519C388174F6}.Debug|Any CPU.ActiveCfg = Debug|Any CPU
		{1811BE1B-5484-43B9-96DF-519C388174F6}.Debug|Any CPU.Build.0 = Debug|Any CPU
		{1811BE1B-5484-43B9-96DF-519C388174F6}.Release|Any CPU.ActiveCfg = Release|Any CPU
		{1811BE1B-5484-43B9-96DF-519C388174F6}.Release|Any CPU.Build.0 = Release|Any CPU
		{C1D44353-2AB5-4A53-94CF-8A6816F90F99}.Debug|Any CPU.ActiveCfg = Debug|Any CPU
		{C1D44353-2AB5-4A53-94CF-8A6816F90F99}.Debug|Any CPU.Build.0 = Debug|Any CPU
		{C1D44353-2AB5-4A53-94CF-8A6816F90F99}.Release|Any CPU.ActiveCfg = Release|Any CPU
		{C1D44353-2AB5-4A53-94CF-8A6816F90F99}.Release|Any CPU.Build.0 = Release|Any CPU
		{317D58ED-3791-4EC7-AE1D-79D37CBB3297}.Debug|Any CPU.ActiveCfg = Debug|Any CPU
		{317D58ED-3791-4EC7-AE1D-79D37CBB3297}.Debug|Any CPU.Build.0 = Debug|Any CPU
		{317D58ED-3791-4EC7-AE1D-79D37CBB3297}.Release|Any CPU.ActiveCfg = Release|Any CPU
		{317D58ED-3791-4EC7-AE1D-79D37CBB3297}.Release|Any CPU.Build.0 = Release|Any CPU
		{6EF6A14F-F9FC-4E2B-A40E-A23EE8739F53}.Debug|Any CPU.ActiveCfg = Debug|Any CPU
		{6EF6A14F-F9FC-4E2B-A40E-A23EE8739F53}.Debug|Any CPU.Build.0 = Debug|Any CPU
		{6EF6A14F-F9FC-4E2B-A40E-A23EE8739F53}.Release|Any CPU.ActiveCfg = Release|Any CPU
		{6EF6A14F-F9FC-4E2B-A40E-A23EE8739F53}.Release|Any CPU.Build.0 = Release|Any CPU
		{89B9E81C-BC33-48C8-B9EA-6034097A035D}.Debug|Any CPU.ActiveCfg = Debug|Any CPU
		{89B9E81C-BC33-48C8-B9EA-6034097A035D}.Debug|Any CPU.Build.0 = Debug|Any CPU
		{89B9E81C-BC33-48C8-B9EA-6034097A035D}.Release|Any CPU.ActiveCfg = Release|Any CPU
		{89B9E81C-BC33-48C8-B9EA-6034097A035D}.Release|Any CPU.Build.0 = Release|Any CPU
		{DCB359E6-BDEA-49C7-9846-06894E751A6D}.Debug|Any CPU.ActiveCfg = Debug|Any CPU
		{DCB359E6-BDEA-49C7-9846-06894E751A6D}.Debug|Any CPU.Build.0 = Debug|Any CPU
		{DCB359E6-BDEA-49C7-9846-06894E751A6D}.Release|Any CPU.ActiveCfg = Release|Any CPU
		{DCB359E6-BDEA-49C7-9846-06894E751A6D}.Release|Any CPU.Build.0 = Release|Any CPU
		{3EC4F7C2-88D7-4549-BFB4-25D31E95C4A5}.Debug|Any CPU.ActiveCfg = Debug|Any CPU
		{3EC4F7C2-88D7-4549-BFB4-25D31E95C4A5}.Debug|Any CPU.Build.0 = Debug|Any CPU
		{3EC4F7C2-88D7-4549-BFB4-25D31E95C4A5}.Release|Any CPU.ActiveCfg = Release|Any CPU
		{3EC4F7C2-88D7-4549-BFB4-25D31E95C4A5}.Release|Any CPU.Build.0 = Release|Any CPU
		{919C1CEA-888B-41F0-B557-D430F779E4C0}.Debug|Any CPU.ActiveCfg = Debug|Any CPU
		{919C1CEA-888B-41F0-B557-D430F779E4C0}.Debug|Any CPU.Build.0 = Debug|Any CPU
		{919C1CEA-888B-41F0-B557-D430F779E4C0}.Release|Any CPU.ActiveCfg = Release|Any CPU
		{919C1CEA-888B-41F0-B557-D430F779E4C0}.Release|Any CPU.Build.0 = Release|Any CPU
		{607462F2-98B1-4314-8DFC-D1EE099A5656}.Debug|Any CPU.ActiveCfg = Debug|Any CPU
		{607462F2-98B1-4314-8DFC-D1EE099A5656}.Debug|Any CPU.Build.0 = Debug|Any CPU
		{607462F2-98B1-4314-8DFC-D1EE099A5656}.Release|Any CPU.ActiveCfg = Release|Any CPU
		{607462F2-98B1-4314-8DFC-D1EE099A5656}.Release|Any CPU.Build.0 = Release|Any CPU
		{5ADDBE9F-3A99-4F51-AF6C-E3E13B2E6B23}.Debug|Any CPU.ActiveCfg = Debug|Any CPU
		{5ADDBE9F-3A99-4F51-AF6C-E3E13B2E6B23}.Debug|Any CPU.Build.0 = Debug|Any CPU
		{5ADDBE9F-3A99-4F51-AF6C-E3E13B2E6B23}.Release|Any CPU.ActiveCfg = Release|Any CPU
		{5ADDBE9F-3A99-4F51-AF6C-E3E13B2E6B23}.Release|Any CPU.Build.0 = Release|Any CPU
		{F03F6136-68B3-47AD-B414-0A23E795F1AC}.Debug|Any CPU.ActiveCfg = Debug|Any CPU
		{F03F6136-68B3-47AD-B414-0A23E795F1AC}.Debug|Any CPU.Build.0 = Debug|Any CPU
		{F03F6136-68B3-47AD-B414-0A23E795F1AC}.Release|Any CPU.ActiveCfg = Release|Any CPU
		{F03F6136-68B3-47AD-B414-0A23E795F1AC}.Release|Any CPU.Build.0 = Release|Any CPU
		{0D111C14-4EF4-4B94-A8E5-6C53C849065F}.Debug|Any CPU.ActiveCfg = Debug|Any CPU
		{0D111C14-4EF4-4B94-A8E5-6C53C849065F}.Debug|Any CPU.Build.0 = Debug|Any CPU
		{0D111C14-4EF4-4B94-A8E5-6C53C849065F}.Release|Any CPU.ActiveCfg = Release|Any CPU
		{0D111C14-4EF4-4B94-A8E5-6C53C849065F}.Release|Any CPU.Build.0 = Release|Any CPU
	EndGlobalSection
	GlobalSection(SolutionProperties) = preSolution
		HideSolutionNode = FALSE
	EndGlobalSection
	GlobalSection(ExtensibilityGlobals) = postSolution
		SolutionGuid = {3CD83ADF-85D4-4022-8428-D2BEF3FAE78A}
	EndGlobalSection
EndGlobal
